// !$*UTF8*$!
{
	archiveVersion = 1;
	classes = {
	};
	objectVersion = 46;
	objects = {

/* Begin PBXBuildFile section */
		3501F5081DD73D2300C19174 /* AWRecommedCell.m in Sources */ = {isa = PBXBuildFile; fileRef = 3501F5061DD73D2300C19174 /* AWRecommedCell.m */; };
		3501F5091DD73D2300C19174 /* AWRecommedCell.xib in Resources */ = {isa = PBXBuildFile; fileRef = 3501F5071DD73D2300C19174 /* AWRecommedCell.xib */; };
		3501F5251DD758C700C19174 /* Info.plist in Resources */ = {isa = PBXBuildFile; fileRef = 3501F50B1DD758C700C19174 /* Info.plist */; };
		3501F5261DD758C700C19174 /* MASCompositeConstraint.m in Sources */ = {isa = PBXBuildFile; fileRef = 3501F50D1DD758C700C19174 /* MASCompositeConstraint.m */; };
		3501F5271DD758C700C19174 /* MASConstraint.m in Sources */ = {isa = PBXBuildFile; fileRef = 3501F5101DD758C700C19174 /* MASConstraint.m */; };
		3501F5281DD758C700C19174 /* MASConstraintMaker.m in Sources */ = {isa = PBXBuildFile; fileRef = 3501F5121DD758C700C19174 /* MASConstraintMaker.m */; };
		3501F5291DD758C700C19174 /* MASLayoutConstraint.m in Sources */ = {isa = PBXBuildFile; fileRef = 3501F5141DD758C700C19174 /* MASLayoutConstraint.m */; };
		3501F52A1DD758C700C19174 /* MASViewAttribute.m in Sources */ = {isa = PBXBuildFile; fileRef = 3501F5181DD758C700C19174 /* MASViewAttribute.m */; };
		3501F52B1DD758C700C19174 /* MASViewConstraint.m in Sources */ = {isa = PBXBuildFile; fileRef = 3501F51A1DD758C700C19174 /* MASViewConstraint.m */; };
		3501F52C1DD758C700C19174 /* NSArray+MASAdditions.m in Sources */ = {isa = PBXBuildFile; fileRef = 3501F51C1DD758C700C19174 /* NSArray+MASAdditions.m */; };
		3501F52D1DD758C700C19174 /* NSLayoutConstraint+MASDebugAdditions.m in Sources */ = {isa = PBXBuildFile; fileRef = 3501F51F1DD758C700C19174 /* NSLayoutConstraint+MASDebugAdditions.m */; };
		3501F52E1DD758C700C19174 /* View+MASAdditions.m in Sources */ = {isa = PBXBuildFile; fileRef = 3501F5211DD758C700C19174 /* View+MASAdditions.m */; };
		3501F52F1DD758C700C19174 /* ViewController+MASAdditions.m in Sources */ = {isa = PBXBuildFile; fileRef = 3501F5241DD758C700C19174 /* ViewController+MASAdditions.m */; };
		3529F1381DD599D0002A0A5C /* main.m in Sources */ = {isa = PBXBuildFile; fileRef = 3529F1371DD599D0002A0A5C /* main.m */; };
		3529F13B1DD599D0002A0A5C /* AppDelegate.m in Sources */ = {isa = PBXBuildFile; fileRef = 3529F13A1DD599D0002A0A5C /* AppDelegate.m */; };
		3529F1431DD599D1002A0A5C /* Assets.xcassets in Resources */ = {isa = PBXBuildFile; fileRef = 3529F1421DD599D1002A0A5C /* Assets.xcassets */; };
		3529F1461DD599D1002A0A5C /* LaunchScreen.storyboard in Resources */ = {isa = PBXBuildFile; fileRef = 3529F1441DD599D1002A0A5C /* LaunchScreen.storyboard */; };
		3529F1681DD5A1F8002A0A5C /* AWMainViewController.m in Sources */ = {isa = PBXBuildFile; fileRef = 3529F1671DD5A1F8002A0A5C /* AWMainViewController.m */; };
		3529F1781DD5A2DB002A0A5C /* NSArray+CZAddition.m in Sources */ = {isa = PBXBuildFile; fileRef = 3529F16D1DD5A2DB002A0A5C /* NSArray+CZAddition.m */; };
		3529F1791DD5A2DB002A0A5C /* NSAttributedString+CZAdditon.m in Sources */ = {isa = PBXBuildFile; fileRef = 3529F16F1DD5A2DB002A0A5C /* NSAttributedString+CZAdditon.m */; };
		3529F17A1DD5A2DB002A0A5C /* NSObject+CZAddition.m in Sources */ = {isa = PBXBuildFile; fileRef = 3529F1711DD5A2DB002A0A5C /* NSObject+CZAddition.m */; };
		3529F17B1DD5A2DB002A0A5C /* UIColor+CZAddition.m in Sources */ = {isa = PBXBuildFile; fileRef = 3529F1731DD5A2DB002A0A5C /* UIColor+CZAddition.m */; };
		3529F17C1DD5A2DB002A0A5C /* UILabel+CZAddition.m in Sources */ = {isa = PBXBuildFile; fileRef = 3529F1751DD5A2DB002A0A5C /* UILabel+CZAddition.m */; };
		3529F17D1DD5A2DB002A0A5C /* UIView+CZAddition.m in Sources */ = {isa = PBXBuildFile; fileRef = 3529F1771DD5A2DB002A0A5C /* UIView+CZAddition.m */; };
		3529F1821DD5B354002A0A5C /* AWBaseViewController.m in Sources */ = {isa = PBXBuildFile; fileRef = 3529F1811DD5B354002A0A5C /* AWBaseViewController.m */; };
		3529F1851DD5B39C002A0A5C /* AWFriendTrendsViewController.m in Sources */ = {isa = PBXBuildFile; fileRef = 3529F1841DD5B39C002A0A5C /* AWFriendTrendsViewController.m */; };
		3529F1881DD5B410002A0A5C /* AWEssenceViewController.m in Sources */ = {isa = PBXBuildFile; fileRef = 3529F1871DD5B410002A0A5C /* AWEssenceViewController.m */; };
		3529F18B1DD5B448002A0A5C /* AWMIineViewController.m in Sources */ = {isa = PBXBuildFile; fileRef = 3529F18A1DD5B448002A0A5C /* AWMIineViewController.m */; };
		3529F18E1DD5B470002A0A5C /* AWNewViewController.m in Sources */ = {isa = PBXBuildFile; fileRef = 3529F18D1DD5B470002A0A5C /* AWNewViewController.m */; };
		3533B77A1DE163B700BAA7E4 /* AWRecommendCategory.m in Sources */ = {isa = PBXBuildFile; fileRef = 3533B7791DE163B700BAA7E4 /* AWRecommendCategory.m */; };
		3533B77D1DE17BBF00BAA7E4 /* AWRecommendUserInFo.m in Sources */ = {isa = PBXBuildFile; fileRef = 3533B77C1DE17BBF00BAA7E4 /* AWRecommendUserInFo.m */; };
		3533B7811DE17D5200BAA7E4 /* NSObject+Log.m in Sources */ = {isa = PBXBuildFile; fileRef = 3533B7801DE17D5200BAA7E4 /* NSObject+Log.m */; };
		35675D291DD6CF2E004AC079 /* AWNavigationViewController.m in Sources */ = {isa = PBXBuildFile; fileRef = 35675D281DD6CF2E004AC079 /* AWNavigationViewController.m */; };
		35675D2B1DD70A5E004AC079 /* AWFriendTrendsViewController.xib in Resources */ = {isa = PBXBuildFile; fileRef = 35675D2A1DD70A5E004AC079 /* AWFriendTrendsViewController.xib */; };
		35675D2F1DD71483004AC079 /* AWRecommendViewController.m in Sources */ = {isa = PBXBuildFile; fileRef = 35675D2D1DD71483004AC079 /* AWRecommendViewController.m */; };
		35675D301DD71483004AC079 /* AWRecommendViewController.xib in Resources */ = {isa = PBXBuildFile; fileRef = 35675D2E1DD71483004AC079 /* AWRecommendViewController.xib */; };
		35E70EA91DD5E61900DB8D27 /* UIView+AWFrameExtension.m in Sources */ = {isa = PBXBuildFile; fileRef = 35E70EA81DD5E61900DB8D27 /* UIView+AWFrameExtension.m */; };
		35E70EAC1DD612BE00DB8D27 /* UIBarButtonItem+AWBarButtonItem.m in Sources */ = {isa = PBXBuildFile; fileRef = 35E70EAB1DD612BE00DB8D27 /* UIBarButtonItem+AWBarButtonItem.m */; };
		35E70EAF1DD61E4100DB8D27 /* AWCustomTabBar.m in Sources */ = {isa = PBXBuildFile; fileRef = 35E70EAE1DD61E4100DB8D27 /* AWCustomTabBar.m */; };
		CF42EC070D42D048A31E86E5 /* libPods-baiDeBuDeQiJie.a in Frameworks */ = {isa = PBXBuildFile; fileRef = F27FFA0EA5D3DE1024B3F575 /* libPods-baiDeBuDeQiJie.a */; };
/* End PBXBuildFile section */

/* Begin PBXFileReference section */
		0137D446A899870E047E7BA3 /* Pods-baiDeBuDeQiJie.debug.xcconfig */ = {isa = PBXFileReference; includeInIndex = 1; lastKnownFileType = text.xcconfig; name = "Pods-baiDeBuDeQiJie.debug.xcconfig"; path = "Pods/Target Support Files/Pods-baiDeBuDeQiJie/Pods-baiDeBuDeQiJie.debug.xcconfig"; sourceTree = "<group>"; };
		3501F5051DD73D2300C19174 /* AWRecommedCell.h */ = {isa = PBXFileReference; fileEncoding = 4; lastKnownFileType = sourcecode.c.h; path = AWRecommedCell.h; sourceTree = "<group>"; };
		3501F5061DD73D2300C19174 /* AWRecommedCell.m */ = {isa = PBXFileReference; fileEncoding = 4; lastKnownFileType = sourcecode.c.objc; path = AWRecommedCell.m; sourceTree = "<group>"; };
		3501F5071DD73D2300C19174 /* AWRecommedCell.xib */ = {isa = PBXFileReference; fileEncoding = 4; lastKnownFileType = file.xib; path = AWRecommedCell.xib; sourceTree = "<group>"; };
		3501F50B1DD758C700C19174 /* Info.plist */ = {isa = PBXFileReference; fileEncoding = 4; lastKnownFileType = text.plist.xml; path = Info.plist; sourceTree = "<group>"; };
		3501F50C1DD758C700C19174 /* MASCompositeConstraint.h */ = {isa = PBXFileReference; fileEncoding = 4; lastKnownFileType = sourcecode.c.h; path = MASCompositeConstraint.h; sourceTree = "<group>"; };
		3501F50D1DD758C700C19174 /* MASCompositeConstraint.m */ = {isa = PBXFileReference; fileEncoding = 4; lastKnownFileType = sourcecode.c.objc; path = MASCompositeConstraint.m; sourceTree = "<group>"; };
		3501F50E1DD758C700C19174 /* MASConstraint+Private.h */ = {isa = PBXFileReference; fileEncoding = 4; lastKnownFileType = sourcecode.c.h; path = "MASConstraint+Private.h"; sourceTree = "<group>"; };
		3501F50F1DD758C700C19174 /* MASConstraint.h */ = {isa = PBXFileReference; fileEncoding = 4; lastKnownFileType = sourcecode.c.h; path = MASConstraint.h; sourceTree = "<group>"; };
		3501F5101DD758C700C19174 /* MASConstraint.m */ = {isa = PBXFileReference; fileEncoding = 4; lastKnownFileType = sourcecode.c.objc; path = MASConstraint.m; sourceTree = "<group>"; };
		3501F5111DD758C700C19174 /* MASConstraintMaker.h */ = {isa = PBXFileReference; fileEncoding = 4; lastKnownFileType = sourcecode.c.h; path = MASConstraintMaker.h; sourceTree = "<group>"; };
		3501F5121DD758C700C19174 /* MASConstraintMaker.m */ = {isa = PBXFileReference; fileEncoding = 4; lastKnownFileType = sourcecode.c.objc; path = MASConstraintMaker.m; sourceTree = "<group>"; };
		3501F5131DD758C700C19174 /* MASLayoutConstraint.h */ = {isa = PBXFileReference; fileEncoding = 4; lastKnownFileType = sourcecode.c.h; path = MASLayoutConstraint.h; sourceTree = "<group>"; };
		3501F5141DD758C700C19174 /* MASLayoutConstraint.m */ = {isa = PBXFileReference; fileEncoding = 4; lastKnownFileType = sourcecode.c.objc; path = MASLayoutConstraint.m; sourceTree = "<group>"; };
		3501F5151DD758C700C19174 /* Masonry.h */ = {isa = PBXFileReference; fileEncoding = 4; lastKnownFileType = sourcecode.c.h; path = Masonry.h; sourceTree = "<group>"; };
		3501F5161DD758C700C19174 /* MASUtilities.h */ = {isa = PBXFileReference; fileEncoding = 4; lastKnownFileType = sourcecode.c.h; path = MASUtilities.h; sourceTree = "<group>"; };
		3501F5171DD758C700C19174 /* MASViewAttribute.h */ = {isa = PBXFileReference; fileEncoding = 4; lastKnownFileType = sourcecode.c.h; path = MASViewAttribute.h; sourceTree = "<group>"; };
		3501F5181DD758C700C19174 /* MASViewAttribute.m */ = {isa = PBXFileReference; fileEncoding = 4; lastKnownFileType = sourcecode.c.objc; path = MASViewAttribute.m; sourceTree = "<group>"; };
		3501F5191DD758C700C19174 /* MASViewConstraint.h */ = {isa = PBXFileReference; fileEncoding = 4; lastKnownFileType = sourcecode.c.h; path = MASViewConstraint.h; sourceTree = "<group>"; };
		3501F51A1DD758C700C19174 /* MASViewConstraint.m */ = {isa = PBXFileReference; fileEncoding = 4; lastKnownFileType = sourcecode.c.objc; path = MASViewConstraint.m; sourceTree = "<group>"; };
		3501F51B1DD758C700C19174 /* NSArray+MASAdditions.h */ = {isa = PBXFileReference; fileEncoding = 4; lastKnownFileType = sourcecode.c.h; path = "NSArray+MASAdditions.h"; sourceTree = "<group>"; };
		3501F51C1DD758C700C19174 /* NSArray+MASAdditions.m */ = {isa = PBXFileReference; fileEncoding = 4; lastKnownFileType = sourcecode.c.objc; path = "NSArray+MASAdditions.m"; sourceTree = "<group>"; };
		3501F51D1DD758C700C19174 /* NSArray+MASShorthandAdditions.h */ = {isa = PBXFileReference; fileEncoding = 4; lastKnownFileType = sourcecode.c.h; path = "NSArray+MASShorthandAdditions.h"; sourceTree = "<group>"; };
		3501F51E1DD758C700C19174 /* NSLayoutConstraint+MASDebugAdditions.h */ = {isa = PBXFileReference; fileEncoding = 4; lastKnownFileType = sourcecode.c.h; path = "NSLayoutConstraint+MASDebugAdditions.h"; sourceTree = "<group>"; };
		3501F51F1DD758C700C19174 /* NSLayoutConstraint+MASDebugAdditions.m */ = {isa = PBXFileReference; fileEncoding = 4; lastKnownFileType = sourcecode.c.objc; path = "NSLayoutConstraint+MASDebugAdditions.m"; sourceTree = "<group>"; };
		3501F5201DD758C700C19174 /* View+MASAdditions.h */ = {isa = PBXFileReference; fileEncoding = 4; lastKnownFileType = sourcecode.c.h; path = "View+MASAdditions.h"; sourceTree = "<group>"; };
		3501F5211DD758C700C19174 /* View+MASAdditions.m */ = {isa = PBXFileReference; fileEncoding = 4; lastKnownFileType = sourcecode.c.objc; path = "View+MASAdditions.m"; sourceTree = "<group>"; };
		3501F5221DD758C700C19174 /* View+MASShorthandAdditions.h */ = {isa = PBXFileReference; fileEncoding = 4; lastKnownFileType = sourcecode.c.h; path = "View+MASShorthandAdditions.h"; sourceTree = "<group>"; };
		3501F5231DD758C700C19174 /* ViewController+MASAdditions.h */ = {isa = PBXFileReference; fileEncoding = 4; lastKnownFileType = sourcecode.c.h; path = "ViewController+MASAdditions.h"; sourceTree = "<group>"; };
		3501F5241DD758C700C19174 /* ViewController+MASAdditions.m */ = {isa = PBXFileReference; fileEncoding = 4; lastKnownFileType = sourcecode.c.objc; path = "ViewController+MASAdditions.m"; sourceTree = "<group>"; };
		3501F6151DD77E2C00C19174 /* PrefixHeader.pch */ = {isa = PBXFileReference; lastKnownFileType = sourcecode.c.h; path = PrefixHeader.pch; sourceTree = "<group>"; };
		3529F1331DD599D0002A0A5C /* baiDeBuDeQiJie.app */ = {isa = PBXFileReference; explicitFileType = wrapper.application; includeInIndex = 0; path = baiDeBuDeQiJie.app; sourceTree = BUILT_PRODUCTS_DIR; };
		3529F1371DD599D0002A0A5C /* main.m */ = {isa = PBXFileReference; lastKnownFileType = sourcecode.c.objc; path = main.m; sourceTree = "<group>"; };
		3529F1391DD599D0002A0A5C /* AppDelegate.h */ = {isa = PBXFileReference; lastKnownFileType = sourcecode.c.h; path = AppDelegate.h; sourceTree = "<group>"; };
		3529F13A1DD599D0002A0A5C /* AppDelegate.m */ = {isa = PBXFileReference; lastKnownFileType = sourcecode.c.objc; path = AppDelegate.m; sourceTree = "<group>"; };
		3529F1421DD599D1002A0A5C /* Assets.xcassets */ = {isa = PBXFileReference; lastKnownFileType = folder.assetcatalog; path = Assets.xcassets; sourceTree = "<group>"; };
		3529F1451DD599D1002A0A5C /* Base */ = {isa = PBXFileReference; lastKnownFileType = file.storyboard; name = Base; path = Base.lproj/LaunchScreen.storyboard; sourceTree = "<group>"; };
		3529F1471DD599D1002A0A5C /* Info.plist */ = {isa = PBXFileReference; lastKnownFileType = text.plist.xml; path = Info.plist; sourceTree = "<group>"; };
		3529F1661DD5A1F8002A0A5C /* AWMainViewController.h */ = {isa = PBXFileReference; fileEncoding = 4; lastKnownFileType = sourcecode.c.h; path = AWMainViewController.h; sourceTree = "<group>"; };
		3529F1671DD5A1F8002A0A5C /* AWMainViewController.m */ = {isa = PBXFileReference; fileEncoding = 4; lastKnownFileType = sourcecode.c.objc; path = AWMainViewController.m; sourceTree = "<group>"; };
		3529F16B1DD5A2DB002A0A5C /* CZAdditions.h */ = {isa = PBXFileReference; fileEncoding = 4; lastKnownFileType = sourcecode.c.h; path = CZAdditions.h; sourceTree = "<group>"; };
		3529F16C1DD5A2DB002A0A5C /* NSArray+CZAddition.h */ = {isa = PBXFileReference; fileEncoding = 4; lastKnownFileType = sourcecode.c.h; path = "NSArray+CZAddition.h"; sourceTree = "<group>"; };
		3529F16D1DD5A2DB002A0A5C /* NSArray+CZAddition.m */ = {isa = PBXFileReference; fileEncoding = 4; lastKnownFileType = sourcecode.c.objc; path = "NSArray+CZAddition.m"; sourceTree = "<group>"; };
		3529F16E1DD5A2DB002A0A5C /* NSAttributedString+CZAdditon.h */ = {isa = PBXFileReference; fileEncoding = 4; lastKnownFileType = sourcecode.c.h; path = "NSAttributedString+CZAdditon.h"; sourceTree = "<group>"; };
		3529F16F1DD5A2DB002A0A5C /* NSAttributedString+CZAdditon.m */ = {isa = PBXFileReference; fileEncoding = 4; lastKnownFileType = sourcecode.c.objc; path = "NSAttributedString+CZAdditon.m"; sourceTree = "<group>"; };
		3529F1701DD5A2DB002A0A5C /* NSObject+CZAddition.h */ = {isa = PBXFileReference; fileEncoding = 4; lastKnownFileType = sourcecode.c.h; path = "NSObject+CZAddition.h"; sourceTree = "<group>"; };
		3529F1711DD5A2DB002A0A5C /* NSObject+CZAddition.m */ = {isa = PBXFileReference; fileEncoding = 4; lastKnownFileType = sourcecode.c.objc; path = "NSObject+CZAddition.m"; sourceTree = "<group>"; };
		3529F1721DD5A2DB002A0A5C /* UIColor+CZAddition.h */ = {isa = PBXFileReference; fileEncoding = 4; lastKnownFileType = sourcecode.c.h; path = "UIColor+CZAddition.h"; sourceTree = "<group>"; };
		3529F1731DD5A2DB002A0A5C /* UIColor+CZAddition.m */ = {isa = PBXFileReference; fileEncoding = 4; lastKnownFileType = sourcecode.c.objc; path = "UIColor+CZAddition.m"; sourceTree = "<group>"; };
		3529F1741DD5A2DB002A0A5C /* UILabel+CZAddition.h */ = {isa = PBXFileReference; fileEncoding = 4; lastKnownFileType = sourcecode.c.h; path = "UILabel+CZAddition.h"; sourceTree = "<group>"; };
		3529F1751DD5A2DB002A0A5C /* UILabel+CZAddition.m */ = {isa = PBXFileReference; fileEncoding = 4; lastKnownFileType = sourcecode.c.objc; path = "UILabel+CZAddition.m"; sourceTree = "<group>"; };
		3529F1761DD5A2DB002A0A5C /* UIView+CZAddition.h */ = {isa = PBXFileReference; fileEncoding = 4; lastKnownFileType = sourcecode.c.h; path = "UIView+CZAddition.h"; sourceTree = "<group>"; };
		3529F1771DD5A2DB002A0A5C /* UIView+CZAddition.m */ = {isa = PBXFileReference; fileEncoding = 4; lastKnownFileType = sourcecode.c.objc; path = "UIView+CZAddition.m"; sourceTree = "<group>"; };
		3529F1801DD5B354002A0A5C /* AWBaseViewController.h */ = {isa = PBXFileReference; fileEncoding = 4; lastKnownFileType = sourcecode.c.h; path = AWBaseViewController.h; sourceTree = "<group>"; };
		3529F1811DD5B354002A0A5C /* AWBaseViewController.m */ = {isa = PBXFileReference; fileEncoding = 4; lastKnownFileType = sourcecode.c.objc; path = AWBaseViewController.m; sourceTree = "<group>"; };
		3529F1831DD5B39C002A0A5C /* AWFriendTrendsViewController.h */ = {isa = PBXFileReference; fileEncoding = 4; lastKnownFileType = sourcecode.c.h; path = AWFriendTrendsViewController.h; sourceTree = "<group>"; };
		3529F1841DD5B39C002A0A5C /* AWFriendTrendsViewController.m */ = {isa = PBXFileReference; fileEncoding = 4; lastKnownFileType = sourcecode.c.objc; path = AWFriendTrendsViewController.m; sourceTree = "<group>"; };
		3529F1861DD5B410002A0A5C /* AWEssenceViewController.h */ = {isa = PBXFileReference; fileEncoding = 4; lastKnownFileType = sourcecode.c.h; path = AWEssenceViewController.h; sourceTree = "<group>"; };
		3529F1871DD5B410002A0A5C /* AWEssenceViewController.m */ = {isa = PBXFileReference; fileEncoding = 4; lastKnownFileType = sourcecode.c.objc; path = AWEssenceViewController.m; sourceTree = "<group>"; };
		3529F1891DD5B448002A0A5C /* AWMIineViewController.h */ = {isa = PBXFileReference; fileEncoding = 4; lastKnownFileType = sourcecode.c.h; path = AWMIineViewController.h; sourceTree = "<group>"; };
		3529F18A1DD5B448002A0A5C /* AWMIineViewController.m */ = {isa = PBXFileReference; fileEncoding = 4; lastKnownFileType = sourcecode.c.objc; path = AWMIineViewController.m; sourceTree = "<group>"; };
		3529F18C1DD5B470002A0A5C /* AWNewViewController.h */ = {isa = PBXFileReference; fileEncoding = 4; lastKnownFileType = sourcecode.c.h; path = AWNewViewController.h; sourceTree = "<group>"; };
		3529F18D1DD5B470002A0A5C /* AWNewViewController.m */ = {isa = PBXFileReference; fileEncoding = 4; lastKnownFileType = sourcecode.c.objc; path = AWNewViewController.m; sourceTree = "<group>"; };
		3533B7781DE163B700BAA7E4 /* AWRecommendCategory.h */ = {isa = PBXFileReference; fileEncoding = 4; lastKnownFileType = sourcecode.c.h; path = AWRecommendCategory.h; sourceTree = "<group>"; };
		3533B7791DE163B700BAA7E4 /* AWRecommendCategory.m */ = {isa = PBXFileReference; fileEncoding = 4; lastKnownFileType = sourcecode.c.objc; path = AWRecommendCategory.m; sourceTree = "<group>"; };
		3533B77B1DE17BBF00BAA7E4 /* AWRecommendUserInFo.h */ = {isa = PBXFileReference; fileEncoding = 4; lastKnownFileType = sourcecode.c.h; path = AWRecommendUserInFo.h; sourceTree = "<group>"; };
		3533B77C1DE17BBF00BAA7E4 /* AWRecommendUserInFo.m */ = {isa = PBXFileReference; fileEncoding = 4; lastKnownFileType = sourcecode.c.objc; path = AWRecommendUserInFo.m; sourceTree = "<group>"; };
		3533B77F1DE17D5200BAA7E4 /* NSObject+Log.h */ = {isa = PBXFileReference; fileEncoding = 4; lastKnownFileType = sourcecode.c.h; path = "NSObject+Log.h"; sourceTree = "<group>"; };
		3533B7801DE17D5200BAA7E4 /* NSObject+Log.m */ = {isa = PBXFileReference; fileEncoding = 4; lastKnownFileType = sourcecode.c.objc; path = "NSObject+Log.m"; sourceTree = "<group>"; };
		35675D271DD6CF2E004AC079 /* AWNavigationViewController.h */ = {isa = PBXFileReference; fileEncoding = 4; lastKnownFileType = sourcecode.c.h; path = AWNavigationViewController.h; sourceTree = "<group>"; };
		35675D281DD6CF2E004AC079 /* AWNavigationViewController.m */ = {isa = PBXFileReference; fileEncoding = 4; lastKnownFileType = sourcecode.c.objc; path = AWNavigationViewController.m; sourceTree = "<group>"; };
		35675D2A1DD70A5E004AC079 /* AWFriendTrendsViewController.xib */ = {isa = PBXFileReference; fileEncoding = 4; lastKnownFileType = file.xib; path = AWFriendTrendsViewController.xib; sourceTree = "<group>"; };
		35675D2C1DD71483004AC079 /* AWRecommendViewController.h */ = {isa = PBXFileReference; fileEncoding = 4; lastKnownFileType = sourcecode.c.h; path = AWRecommendViewController.h; sourceTree = "<group>"; };
		35675D2D1DD71483004AC079 /* AWRecommendViewController.m */ = {isa = PBXFileReference; fileEncoding = 4; lastKnownFileType = sourcecode.c.objc; path = AWRecommendViewController.m; sourceTree = "<group>"; };
		35675D2E1DD71483004AC079 /* AWRecommendViewController.xib */ = {isa = PBXFileReference; fileEncoding = 4; lastKnownFileType = file.xib; path = AWRecommendViewController.xib; sourceTree = "<group>"; };
		35E70EA71DD5E61900DB8D27 /* UIView+AWFrameExtension.h */ = {isa = PBXFileReference; fileEncoding = 4; lastKnownFileType = sourcecode.c.h; path = "UIView+AWFrameExtension.h"; sourceTree = "<group>"; };
		35E70EA81DD5E61900DB8D27 /* UIView+AWFrameExtension.m */ = {isa = PBXFileReference; fileEncoding = 4; lastKnownFileType = sourcecode.c.objc; path = "UIView+AWFrameExtension.m"; sourceTree = "<group>"; };
		35E70EAA1DD612BE00DB8D27 /* UIBarButtonItem+AWBarButtonItem.h */ = {isa = PBXFileReference; fileEncoding = 4; lastKnownFileType = sourcecode.c.h; path = "UIBarButtonItem+AWBarButtonItem.h"; sourceTree = "<group>"; };
		35E70EAB1DD612BE00DB8D27 /* UIBarButtonItem+AWBarButtonItem.m */ = {isa = PBXFileReference; fileEncoding = 4; lastKnownFileType = sourcecode.c.objc; path = "UIBarButtonItem+AWBarButtonItem.m"; sourceTree = "<group>"; };
		35E70EAD1DD61E4100DB8D27 /* AWCustomTabBar.h */ = {isa = PBXFileReference; fileEncoding = 4; lastKnownFileType = sourcecode.c.h; path = AWCustomTabBar.h; sourceTree = "<group>"; };
		35E70EAE1DD61E4100DB8D27 /* AWCustomTabBar.m */ = {isa = PBXFileReference; fileEncoding = 4; lastKnownFileType = sourcecode.c.objc; path = AWCustomTabBar.m; sourceTree = "<group>"; };
		4C9C0F2CD4E631AC1A89C3B6 /* Pods-baiDeBuDeQiJie.release.xcconfig */ = {isa = PBXFileReference; includeInIndex = 1; lastKnownFileType = text.xcconfig; name = "Pods-baiDeBuDeQiJie.release.xcconfig"; path = "Pods/Target Support Files/Pods-baiDeBuDeQiJie/Pods-baiDeBuDeQiJie.release.xcconfig"; sourceTree = "<group>"; };
		F27FFA0EA5D3DE1024B3F575 /* libPods-baiDeBuDeQiJie.a */ = {isa = PBXFileReference; explicitFileType = archive.ar; includeInIndex = 0; path = "libPods-baiDeBuDeQiJie.a"; sourceTree = BUILT_PRODUCTS_DIR; };
/* End PBXFileReference section */

/* Begin PBXFrameworksBuildPhase section */
		3529F1301DD599CF002A0A5C /* Frameworks */ = {
			isa = PBXFrameworksBuildPhase;
			buildActionMask = 2147483647;
			files = (
				CF42EC070D42D048A31E86E5 /* libPods-baiDeBuDeQiJie.a in Frameworks */,
			);
			runOnlyForDeploymentPostprocessing = 0;
		};
/* End PBXFrameworksBuildPhase section */

/* Begin PBXGroup section */
		3501F50A1DD758C700C19174 /* Masonry */ = {
			isa = PBXGroup;
			children = (
				3501F50B1DD758C700C19174 /* Info.plist */,
				3501F50C1DD758C700C19174 /* MASCompositeConstraint.h */,
				3501F50D1DD758C700C19174 /* MASCompositeConstraint.m */,
				3501F50E1DD758C700C19174 /* MASConstraint+Private.h */,
				3501F50F1DD758C700C19174 /* MASConstraint.h */,
				3501F5101DD758C700C19174 /* MASConstraint.m */,
				3501F5111DD758C700C19174 /* MASConstraintMaker.h */,
				3501F5121DD758C700C19174 /* MASConstraintMaker.m */,
				3501F5131DD758C700C19174 /* MASLayoutConstraint.h */,
				3501F5141DD758C700C19174 /* MASLayoutConstraint.m */,
				3501F5151DD758C700C19174 /* Masonry.h */,
				3501F5161DD758C700C19174 /* MASUtilities.h */,
				3501F5171DD758C700C19174 /* MASViewAttribute.h */,
				3501F5181DD758C700C19174 /* MASViewAttribute.m */,
				3501F5191DD758C700C19174 /* MASViewConstraint.h */,
				3501F51A1DD758C700C19174 /* MASViewConstraint.m */,
				3501F51B1DD758C700C19174 /* NSArray+MASAdditions.h */,
				3501F51C1DD758C700C19174 /* NSArray+MASAdditions.m */,
				3501F51D1DD758C700C19174 /* NSArray+MASShorthandAdditions.h */,
				3501F51E1DD758C700C19174 /* NSLayoutConstraint+MASDebugAdditions.h */,
				3501F51F1DD758C700C19174 /* NSLayoutConstraint+MASDebugAdditions.m */,
				3501F5201DD758C700C19174 /* View+MASAdditions.h */,
				3501F5211DD758C700C19174 /* View+MASAdditions.m */,
				3501F5221DD758C700C19174 /* View+MASShorthandAdditions.h */,
				3501F5231DD758C700C19174 /* ViewController+MASAdditions.h */,
				3501F5241DD758C700C19174 /* ViewController+MASAdditions.m */,
			);
			path = Masonry;
			sourceTree = "<group>";
		};
		3529F12A1DD599CE002A0A5C = {
			isa = PBXGroup;
			children = (
				3529F1351DD599D0002A0A5C /* baiDeBuDeQiJie */,
				3529F1341DD599D0002A0A5C /* Products */,
				4843D5EC8BE8D3463C0AAFF5 /* Pods */,
				8BE0FBB547A29CA414AA9040 /* Frameworks */,
			);
			sourceTree = "<group>";
		};
		3529F1341DD599D0002A0A5C /* Products */ = {
			isa = PBXGroup;
			children = (
				3529F1331DD599D0002A0A5C /* baiDeBuDeQiJie.app */,
			);
			name = Products;
			sourceTree = "<group>";
		};
		3529F1351DD599D0002A0A5C /* baiDeBuDeQiJie */ = {
			isa = PBXGroup;
			children = (
				3529F1691DD5A2DB002A0A5C /* Tools */,
				3529F14D1DD59C7C002A0A5C /* Classes */,
				3529F1391DD599D0002A0A5C /* AppDelegate.h */,
				3529F13A1DD599D0002A0A5C /* AppDelegate.m */,
				35E70EA71DD5E61900DB8D27 /* UIView+AWFrameExtension.h */,
				35E70EA81DD5E61900DB8D27 /* UIView+AWFrameExtension.m */,
				35E70EAA1DD612BE00DB8D27 /* UIBarButtonItem+AWBarButtonItem.h */,
				35E70EAB1DD612BE00DB8D27 /* UIBarButtonItem+AWBarButtonItem.m */,
				3529F1421DD599D1002A0A5C /* Assets.xcassets */,
				3529F1441DD599D1002A0A5C /* LaunchScreen.storyboard */,
				3501F6151DD77E2C00C19174 /* PrefixHeader.pch */,
				3529F1471DD599D1002A0A5C /* Info.plist */,
				3529F1361DD599D0002A0A5C /* Supporting Files */,
			);
			path = baiDeBuDeQiJie;
			sourceTree = "<group>";
		};
		3529F1361DD599D0002A0A5C /* Supporting Files */ = {
			isa = PBXGroup;
			children = (
				3529F1371DD599D0002A0A5C /* main.m */,
			);
			name = "Supporting Files";
			sourceTree = "<group>";
		};
		3529F14D1DD59C7C002A0A5C /* Classes */ = {
			isa = PBXGroup;
			children = (
				3529F17F1DD5B339002A0A5C /* Base */,
				3529F1621DD59FCD002A0A5C /* Main ( 主要 ) */,
				3529F14E1DD59C7C002A0A5C /* Essence ( 精华 ) */,
				3529F1501DD59C7C002A0A5C /* New ( 新帖 ) */,
				3529F1521DD59E8E002A0A5C /* FriendTrends ( 关注 ) */,
				3529F14F1DD59C7C002A0A5C /* Mine ( 我的 ) */,
			);
			path = Classes;
			sourceTree = "<group>";
		};
		3529F14E1DD59C7C002A0A5C /* Essence ( 精华 ) */ = {
			isa = PBXGroup;
			children = (
				3529F1591DD59F40002A0A5C /* Controller */,
				3529F15A1DD59F40002A0A5C /* Model */,
				3529F15B1DD59F40002A0A5C /* View */,
			);
			name = "Essence ( 精华 )";
			path = Essence;
			sourceTree = "<group>";
		};
		3529F14F1DD59C7C002A0A5C /* Mine ( 我的 ) */ = {
			isa = PBXGroup;
			children = (
				3529F1561DD59F2A002A0A5C /* Controller */,
				3529F1571DD59F2A002A0A5C /* Model */,
				3529F1581DD59F2A002A0A5C /* View */,
			);
			name = "Mine ( 我的 )";
			path = Mine;
			sourceTree = "<group>";
		};
		3529F1501DD59C7C002A0A5C /* New ( 新帖 ) */ = {
			isa = PBXGroup;
			children = (
				3529F15C1DD59F57002A0A5C /* Controller */,
				3529F15D1DD59F57002A0A5C /* Model */,
				3529F15E1DD59F57002A0A5C /* View */,
			);
			name = "New ( 新帖 )";
			path = New;
			sourceTree = "<group>";
		};
		3529F1521DD59E8E002A0A5C /* FriendTrends ( 关注 ) */ = {
			isa = PBXGroup;
			children = (
				3529F1531DD59F16002A0A5C /* Controller */,
				3529F1541DD59F16002A0A5C /* Model */,
				3529F1551DD59F16002A0A5C /* View */,
			);
			name = "FriendTrends ( 关注 )";
			path = FriendTrends;
			sourceTree = "<group>";
		};
		3529F1531DD59F16002A0A5C /* Controller */ = {
			isa = PBXGroup;
			children = (
				3529F1831DD5B39C002A0A5C /* AWFriendTrendsViewController.h */,
				3529F1841DD5B39C002A0A5C /* AWFriendTrendsViewController.m */,
				35675D2A1DD70A5E004AC079 /* AWFriendTrendsViewController.xib */,
				35675D2C1DD71483004AC079 /* AWRecommendViewController.h */,
				35675D2D1DD71483004AC079 /* AWRecommendViewController.m */,
				35675D2E1DD71483004AC079 /* AWRecommendViewController.xib */,
			);
			path = Controller;
			sourceTree = "<group>";
		};
		3529F1541DD59F16002A0A5C /* Model */ = {
			isa = PBXGroup;
			children = (
				3533B7781DE163B700BAA7E4 /* AWRecommendCategory.h */,
				3533B7791DE163B700BAA7E4 /* AWRecommendCategory.m */,
				3533B77B1DE17BBF00BAA7E4 /* AWRecommendUserInFo.h */,
				3533B77C1DE17BBF00BAA7E4 /* AWRecommendUserInFo.m */,
			);
			path = Model;
			sourceTree = "<group>";
		};
		3529F1551DD59F16002A0A5C /* View */ = {
			isa = PBXGroup;
			children = (
				3501F5051DD73D2300C19174 /* AWRecommedCell.h */,
				3501F5061DD73D2300C19174 /* AWRecommedCell.m */,
				3501F5071DD73D2300C19174 /* AWRecommedCell.xib */,
			);
			path = View;
			sourceTree = "<group>";
		};
		3529F1561DD59F2A002A0A5C /* Controller */ = {
			isa = PBXGroup;
			children = (
				3529F1891DD5B448002A0A5C /* AWMIineViewController.h */,
				3529F18A1DD5B448002A0A5C /* AWMIineViewController.m */,
			);
			path = Controller;
			sourceTree = "<group>";
		};
		3529F1571DD59F2A002A0A5C /* Model */ = {
			isa = PBXGroup;
			children = (
			);
			path = Model;
			sourceTree = "<group>";
		};
		3529F1581DD59F2A002A0A5C /* View */ = {
			isa = PBXGroup;
			children = (
			);
			path = View;
			sourceTree = "<group>";
		};
		3529F1591DD59F40002A0A5C /* Controller */ = {
			isa = PBXGroup;
			children = (
				3529F1861DD5B410002A0A5C /* AWEssenceViewController.h */,
				3529F1871DD5B410002A0A5C /* AWEssenceViewController.m */,
			);
			path = Controller;
			sourceTree = "<group>";
		};
		3529F15A1DD59F40002A0A5C /* Model */ = {
			isa = PBXGroup;
			children = (
			);
			path = Model;
			sourceTree = "<group>";
		};
		3529F15B1DD59F40002A0A5C /* View */ = {
			isa = PBXGroup;
			children = (
			);
			path = View;
			sourceTree = "<group>";
		};
		3529F15C1DD59F57002A0A5C /* Controller */ = {
			isa = PBXGroup;
			children = (
				3529F18C1DD5B470002A0A5C /* AWNewViewController.h */,
				3529F18D1DD5B470002A0A5C /* AWNewViewController.m */,
			);
			path = Controller;
			sourceTree = "<group>";
		};
		3529F15D1DD59F57002A0A5C /* Model */ = {
			isa = PBXGroup;
			children = (
			);
			path = Model;
			sourceTree = "<group>";
		};
		3529F15E1DD59F57002A0A5C /* View */ = {
			isa = PBXGroup;
			children = (
			);
			path = View;
			sourceTree = "<group>";
		};
		3529F1621DD59FCD002A0A5C /* Main ( 主要 ) */ = {
			isa = PBXGroup;
			children = (
				3529F1631DD59FCD002A0A5C /* Controller */,
				3529F1641DD59FCD002A0A5C /* Model */,
				3529F1651DD59FCD002A0A5C /* View */,
			);
			name = "Main ( 主要 )";
			path = Main;
			sourceTree = "<group>";
		};
		3529F1631DD59FCD002A0A5C /* Controller */ = {
			isa = PBXGroup;
			children = (
				3529F1661DD5A1F8002A0A5C /* AWMainViewController.h */,
				3529F1671DD5A1F8002A0A5C /* AWMainViewController.m */,
				35675D271DD6CF2E004AC079 /* AWNavigationViewController.h */,
				35675D281DD6CF2E004AC079 /* AWNavigationViewController.m */,
			);
			path = Controller;
			sourceTree = "<group>";
		};
		3529F1641DD59FCD002A0A5C /* Model */ = {
			isa = PBXGroup;
			children = (
			);
			path = Model;
			sourceTree = "<group>";
		};
		3529F1651DD59FCD002A0A5C /* View */ = {
			isa = PBXGroup;
			children = (
				35E70EAD1DD61E4100DB8D27 /* AWCustomTabBar.h */,
				35E70EAE1DD61E4100DB8D27 /* AWCustomTabBar.m */,
			);
			path = View;
			sourceTree = "<group>";
		};
		3529F1691DD5A2DB002A0A5C /* Tools */ = {
			isa = PBXGroup;
			children = (
				3533B77E1DE17D5200BAA7E4 /* Log */,
				3501F50A1DD758C700C19174 /* Masonry */,
				3529F16A1DD5A2DB002A0A5C /* Additions */,
			);
			path = Tools;
			sourceTree = "<group>";
		};
		3529F16A1DD5A2DB002A0A5C /* Additions */ = {
			isa = PBXGroup;
			children = (
				3529F16B1DD5A2DB002A0A5C /* CZAdditions.h */,
				3529F16C1DD5A2DB002A0A5C /* NSArray+CZAddition.h */,
				3529F16D1DD5A2DB002A0A5C /* NSArray+CZAddition.m */,
				3529F16E1DD5A2DB002A0A5C /* NSAttributedString+CZAdditon.h */,
				3529F16F1DD5A2DB002A0A5C /* NSAttributedString+CZAdditon.m */,
				3529F1701DD5A2DB002A0A5C /* NSObject+CZAddition.h */,
				3529F1711DD5A2DB002A0A5C /* NSObject+CZAddition.m */,
				3529F1721DD5A2DB002A0A5C /* UIColor+CZAddition.h */,
				3529F1731DD5A2DB002A0A5C /* UIColor+CZAddition.m */,
				3529F1741DD5A2DB002A0A5C /* UILabel+CZAddition.h */,
				3529F1751DD5A2DB002A0A5C /* UILabel+CZAddition.m */,
				3529F1761DD5A2DB002A0A5C /* UIView+CZAddition.h */,
				3529F1771DD5A2DB002A0A5C /* UIView+CZAddition.m */,
			);
			path = Additions;
			sourceTree = "<group>";
		};
		3529F17F1DD5B339002A0A5C /* Base */ = {
			isa = PBXGroup;
			children = (
				3529F1801DD5B354002A0A5C /* AWBaseViewController.h */,
				3529F1811DD5B354002A0A5C /* AWBaseViewController.m */,
			);
			path = Base;
			sourceTree = "<group>";
		};
		3533B77E1DE17D5200BAA7E4 /* Log */ = {
			isa = PBXGroup;
			children = (
				3533B77F1DE17D5200BAA7E4 /* NSObject+Log.h */,
				3533B7801DE17D5200BAA7E4 /* NSObject+Log.m */,
			);
			path = Log;
			sourceTree = "<group>";
		};
		4843D5EC8BE8D3463C0AAFF5 /* Pods */ = {
			isa = PBXGroup;
			children = (
				0137D446A899870E047E7BA3 /* Pods-baiDeBuDeQiJie.debug.xcconfig */,
				4C9C0F2CD4E631AC1A89C3B6 /* Pods-baiDeBuDeQiJie.release.xcconfig */,
			);
			name = Pods;
			sourceTree = "<group>";
		};
		8BE0FBB547A29CA414AA9040 /* Frameworks */ = {
			isa = PBXGroup;
			children = (
				F27FFA0EA5D3DE1024B3F575 /* libPods-baiDeBuDeQiJie.a */,
			);
			name = Frameworks;
			sourceTree = "<group>";
		};
/* End PBXGroup section */

/* Begin PBXNativeTarget section */
		3529F1321DD599CF002A0A5C /* baiDeBuDeQiJie */ = {
			isa = PBXNativeTarget;
			buildConfigurationList = 3529F14A1DD599D1002A0A5C /* Build configuration list for PBXNativeTarget "baiDeBuDeQiJie" */;
			buildPhases = (
				C7581432196FB850C5DFFD83 /* [CP] Check Pods Manifest.lock */,
				3529F12F1DD599CF002A0A5C /* Sources */,
				3529F1301DD599CF002A0A5C /* Frameworks */,
				3529F1311DD599CF002A0A5C /* Resources */,
				D1E50041C254702C2762C63C /* [CP] Embed Pods Frameworks */,
				7DFBAA3D901D6F3257C1DE22 /* [CP] Copy Pods Resources */,
			);
			buildRules = (
			);
			dependencies = (
			);
			name = baiDeBuDeQiJie;
			productName = baiDeBuDeQiJie;
			productReference = 3529F1331DD599D0002A0A5C /* baiDeBuDeQiJie.app */;
			productType = "com.apple.product-type.application";
		};
/* End PBXNativeTarget section */

/* Begin PBXProject section */
		3529F12B1DD599CF002A0A5C /* Project object */ = {
			isa = PBXProject;
			attributes = {
				CLASSPREFIX = AW;
				LastUpgradeCheck = 0810;
				ORGANIZATIONNAME = aWangLong;
				TargetAttributes = {
					3529F1321DD599CF002A0A5C = {
						CreatedOnToolsVersion = 8.1;
						ProvisioningStyle = Automatic;
					};
				};
			};
			buildConfigurationList = 3529F12E1DD599CF002A0A5C /* Build configuration list for PBXProject "baiDeBuDeQiJie" */;
			compatibilityVersion = "Xcode 3.2";
			developmentRegion = English;
			hasScannedForEncodings = 0;
			knownRegions = (
				en,
				Base,
			);
			mainGroup = 3529F12A1DD599CE002A0A5C;
			productRefGroup = 3529F1341DD599D0002A0A5C /* Products */;
			projectDirPath = "";
			projectRoot = "";
			targets = (
				3529F1321DD599CF002A0A5C /* baiDeBuDeQiJie */,
			);
		};
/* End PBXProject section */

/* Begin PBXResourcesBuildPhase section */
		3529F1311DD599CF002A0A5C /* Resources */ = {
			isa = PBXResourcesBuildPhase;
			buildActionMask = 2147483647;
			files = (
				3529F1461DD599D1002A0A5C /* LaunchScreen.storyboard in Resources */,
				3529F1431DD599D1002A0A5C /* Assets.xcassets in Resources */,
				3501F5251DD758C700C19174 /* Info.plist in Resources */,
				35675D2B1DD70A5E004AC079 /* AWFriendTrendsViewController.xib in Resources */,
				35675D301DD71483004AC079 /* AWRecommendViewController.xib in Resources */,
				3501F5091DD73D2300C19174 /* AWRecommedCell.xib in Resources */,
			);
			runOnlyForDeploymentPostprocessing = 0;
		};
/* End PBXResourcesBuildPhase section */

/* Begin PBXShellScriptBuildPhase section */
		7DFBAA3D901D6F3257C1DE22 /* [CP] Copy Pods Resources */ = {
			isa = PBXShellScriptBuildPhase;
			buildActionMask = 2147483647;
			files = (
			);
			inputPaths = (
			);
			name = "[CP] Copy Pods Resources";
			outputPaths = (
			);
			runOnlyForDeploymentPostprocessing = 0;
			shellPath = /bin/sh;
			shellScript = "\"${SRCROOT}/Pods/Target Support Files/Pods-baiDeBuDeQiJie/Pods-baiDeBuDeQiJie-resources.sh\"\n";
			showEnvVarsInLog = 0;
		};
		C7581432196FB850C5DFFD83 /* [CP] Check Pods Manifest.lock */ = {
			isa = PBXShellScriptBuildPhase;
			buildActionMask = 2147483647;
			files = (
			);
			inputPaths = (
			);
			name = "[CP] Check Pods Manifest.lock";
			outputPaths = (
			);
			runOnlyForDeploymentPostprocessing = 0;
			shellPath = /bin/sh;
			shellScript = "diff \"${PODS_ROOT}/../Podfile.lock\" \"${PODS_ROOT}/Manifest.lock\" > /dev/null\nif [ $? != 0 ] ; then\n    # print error to STDERR\n    echo \"error: The sandbox is not in sync with the Podfile.lock. Run 'pod install' or update your CocoaPods installation.\" >&2\n    exit 1\nfi\n";
			showEnvVarsInLog = 0;
		};
		D1E50041C254702C2762C63C /* [CP] Embed Pods Frameworks */ = {
			isa = PBXShellScriptBuildPhase;
			buildActionMask = 2147483647;
			files = (
			);
			inputPaths = (
			);
			name = "[CP] Embed Pods Frameworks";
			outputPaths = (
			);
			runOnlyForDeploymentPostprocessing = 0;
			shellPath = /bin/sh;
			shellScript = "\"${SRCROOT}/Pods/Target Support Files/Pods-baiDeBuDeQiJie/Pods-baiDeBuDeQiJie-frameworks.sh\"\n";
			showEnvVarsInLog = 0;
		};
/* End PBXShellScriptBuildPhase section */

/* Begin PBXSourcesBuildPhase section */
		3529F12F1DD599CF002A0A5C /* Sources */ = {
			isa = PBXSourcesBuildPhase;
			buildActionMask = 2147483647;
			files = (
				3529F17B1DD5A2DB002A0A5C /* UIColor+CZAddition.m in Sources */,
				3529F17C1DD5A2DB002A0A5C /* UILabel+CZAddition.m in Sources */,
				3529F17A1DD5A2DB002A0A5C /* NSObject+CZAddition.m in Sources */,
				3501F5081DD73D2300C19174 /* AWRecommedCell.m in Sources */,
				3501F5291DD758C700C19174 /* MASLayoutConstraint.m in Sources */,
				35675D291DD6CF2E004AC079 /* AWNavigationViewController.m in Sources */,
				3529F1821DD5B354002A0A5C /* AWBaseViewController.m in Sources */,
				3533B77A1DE163B700BAA7E4 /* AWRecommendCategory.m in Sources */,
				3529F1681DD5A1F8002A0A5C /* AWMainViewController.m in Sources */,
				3529F1881DD5B410002A0A5C /* AWEssenceViewController.m in Sources */,
				3529F13B1DD599D0002A0A5C /* AppDelegate.m in Sources */,
				3501F52A1DD758C700C19174 /* MASViewAttribute.m in Sources */,
				35675D2F1DD71483004AC079 /* AWRecommendViewController.m in Sources */,
				3533B77D1DE17BBF00BAA7E4 /* AWRecommendUserInFo.m in Sources */,
				3501F5281DD758C700C19174 /* MASConstraintMaker.m in Sources */,
				3501F52E1DD758C700C19174 /* View+MASAdditions.m in Sources */,
				3501F52B1DD758C700C19174 /* MASViewConstraint.m in Sources */,
				3501F5261DD758C700C19174 /* MASCompositeConstraint.m in Sources */,
				35E70EAC1DD612BE00DB8D27 /* UIBarButtonItem+AWBarButtonItem.m in Sources */,
				3529F18B1DD5B448002A0A5C /* AWMIineViewController.m in Sources */,
				35E70EAF1DD61E4100DB8D27 /* AWCustomTabBar.m in Sources */,
				35E70EA91DD5E61900DB8D27 /* UIView+AWFrameExtension.m in Sources */,
				3529F1791DD5A2DB002A0A5C /* NSAttributedString+CZAdditon.m in Sources */,
				3501F5271DD758C700C19174 /* MASConstraint.m in Sources */,
				3529F17D1DD5A2DB002A0A5C /* UIView+CZAddition.m in Sources */,
				3529F1851DD5B39C002A0A5C /* AWFriendTrendsViewController.m in Sources */,
				3501F52D1DD758C700C19174 /* NSLayoutConstraint+MASDebugAdditions.m in Sources */,
				3501F52C1DD758C700C19174 /* NSArray+MASAdditions.m in Sources */,
				3501F52F1DD758C700C19174 /* ViewController+MASAdditions.m in Sources */,
				3529F18E1DD5B470002A0A5C /* AWNewViewController.m in Sources */,
				3529F1381DD599D0002A0A5C /* main.m in Sources */,
				3529F1781DD5A2DB002A0A5C /* NSArray+CZAddition.m in Sources */,
				3533B7811DE17D5200BAA7E4 /* NSObject+Log.m in Sources */,
			);
			runOnlyForDeploymentPostprocessing = 0;
		};
/* End PBXSourcesBuildPhase section */

/* Begin PBXVariantGroup section */
		3529F1441DD599D1002A0A5C /* LaunchScreen.storyboard */ = {
			isa = PBXVariantGroup;
			children = (
				3529F1451DD599D1002A0A5C /* Base */,
			);
			name = LaunchScreen.storyboard;
			sourceTree = "<group>";
		};
/* End PBXVariantGroup section */

/* Begin XCBuildConfiguration section */
		3529F1481DD599D1002A0A5C /* Debug */ = {
			isa = XCBuildConfiguration;
			buildSettings = {
				ALWAYS_SEARCH_USER_PATHS = NO;
				CLANG_ANALYZER_NONNULL = YES;
				CLANG_CXX_LANGUAGE_STANDARD = "gnu++0x";
				CLANG_CXX_LIBRARY = "libc++";
				CLANG_ENABLE_MODULES = YES;
				CLANG_ENABLE_OBJC_ARC = YES;
				CLANG_WARN_BOOL_CONVERSION = YES;
				CLANG_WARN_CONSTANT_CONVERSION = YES;
				CLANG_WARN_DIRECT_OBJC_ISA_USAGE = YES_ERROR;
				CLANG_WARN_DOCUMENTATION_COMMENTS = YES;
				CLANG_WARN_EMPTY_BODY = YES;
				CLANG_WARN_ENUM_CONVERSION = YES;
				CLANG_WARN_INFINITE_RECURSION = YES;
				CLANG_WARN_INT_CONVERSION = YES;
				CLANG_WARN_OBJC_ROOT_CLASS = YES_ERROR;
				CLANG_WARN_SUSPICIOUS_MOVES = YES;
				CLANG_WARN_UNREACHABLE_CODE = YES;
				CLANG_WARN__DUPLICATE_METHOD_MATCH = YES;
				"CODE_SIGN_IDENTITY[sdk=iphoneos*]" = "iPhone Developer";
				COPY_PHASE_STRIP = NO;
				DEBUG_INFORMATION_FORMAT = dwarf;
				ENABLE_STRICT_OBJC_MSGSEND = YES;
				ENABLE_TESTABILITY = YES;
				GCC_C_LANGUAGE_STANDARD = gnu99;
				GCC_DYNAMIC_NO_PIC = NO;
				GCC_NO_COMMON_BLOCKS = YES;
				GCC_OPTIMIZATION_LEVEL = 0;
				GCC_PREPROCESSOR_DEFINITIONS = (
					"DEBUG=1",
					"$(inherited)",
				);
				GCC_WARN_64_TO_32_BIT_CONVERSION = YES;
				GCC_WARN_ABOUT_RETURN_TYPE = YES_ERROR;
				GCC_WARN_UNDECLARED_SELECTOR = YES;
				GCC_WARN_UNINITIALIZED_AUTOS = YES_AGGRESSIVE;
				GCC_WARN_UNUSED_FUNCTION = YES;
				GCC_WARN_UNUSED_VARIABLE = YES;
				IPHONEOS_DEPLOYMENT_TARGET = 10.1;
				MTL_ENABLE_DEBUG_INFO = YES;
				ONLY_ACTIVE_ARCH = YES;
				SDKROOT = iphoneos;
			};
			name = Debug;
		};
		3529F1491DD599D1002A0A5C /* Release */ = {
			isa = XCBuildConfiguration;
			buildSettings = {
				ALWAYS_SEARCH_USER_PATHS = NO;
				CLANG_ANALYZER_NONNULL = YES;
				CLANG_CXX_LANGUAGE_STANDARD = "gnu++0x";
				CLANG_CXX_LIBRARY = "libc++";
				CLANG_ENABLE_MODULES = YES;
				CLANG_ENABLE_OBJC_ARC = YES;
				CLANG_WARN_BOOL_CONVERSION = YES;
				CLANG_WARN_CONSTANT_CONVERSION = YES;
				CLANG_WARN_DIRECT_OBJC_ISA_USAGE = YES_ERROR;
				CLANG_WARN_DOCUMENTATION_COMMENTS = YES;
				CLANG_WARN_EMPTY_BODY = YES;
				CLANG_WARN_ENUM_CONVERSION = YES;
				CLANG_WARN_INFINITE_RECURSION = YES;
				CLANG_WARN_INT_CONVERSION = YES;
				CLANG_WARN_OBJC_ROOT_CLASS = YES_ERROR;
				CLANG_WARN_SUSPICIOUS_MOVES = YES;
				CLANG_WARN_UNREACHABLE_CODE = YES;
				CLANG_WARN__DUPLICATE_METHOD_MATCH = YES;
				"CODE_SIGN_IDENTITY[sdk=iphoneos*]" = "iPhone Developer";
				COPY_PHASE_STRIP = NO;
				DEBUG_INFORMATION_FORMAT = "dwarf-with-dsym";
				ENABLE_NS_ASSERTIONS = NO;
				ENABLE_STRICT_OBJC_MSGSEND = YES;
				GCC_C_LANGUAGE_STANDARD = gnu99;
				GCC_NO_COMMON_BLOCKS = YES;
				GCC_WARN_64_TO_32_BIT_CONVERSION = YES;
				GCC_WARN_ABOUT_RETURN_TYPE = YES_ERROR;
				GCC_WARN_UNDECLARED_SELECTOR = YES;
				GCC_WARN_UNINITIALIZED_AUTOS = YES_AGGRESSIVE;
				GCC_WARN_UNUSED_FUNCTION = YES;
				GCC_WARN_UNUSED_VARIABLE = YES;
				IPHONEOS_DEPLOYMENT_TARGET = 10.1;
				MTL_ENABLE_DEBUG_INFO = NO;
				SDKROOT = iphoneos;
				VALIDATE_PRODUCT = YES;
			};
			name = Release;
		};
		3529F14B1DD599D1002A0A5C /* Debug */ = {
			isa = XCBuildConfiguration;
			baseConfigurationReference = 0137D446A899870E047E7BA3 /* Pods-baiDeBuDeQiJie.debug.xcconfig */;
			buildSettings = {
				ASSETCATALOG_COMPILER_APPICON_NAME = AppIcon;
				ASSETCATALOG_COMPILER_LAUNCHIMAGE_NAME = LaunchImage;
				GCC_PREFIX_HEADER = baiDeBuDeQiJie/PrefixHeader.pch;
				INFOPLIST_FILE = baiDeBuDeQiJie/Info.plist;
				IPHONEOS_DEPLOYMENT_TARGET = 9.0;
				LD_RUNPATH_SEARCH_PATHS = "$(inherited) @executable_path/Frameworks";
				PRODUCT_BUNDLE_IDENTIFIER = cn.aWangLong.ios.baiDeBuDeQiJie;
				PRODUCT_NAME = "$(TARGET_NAME)";
			};
			name = Debug;
		};
		3529F14C1DD599D1002A0A5C /* Release */ = {
			isa = XCBuildConfiguration;
			baseConfigurationReference = 4C9C0F2CD4E631AC1A89C3B6 /* Pods-baiDeBuDeQiJie.release.xcconfig */;
			buildSettings = {
				ASSETCATALOG_COMPILER_APPICON_NAME = AppIcon;
				ASSETCATALOG_COMPILER_LAUNCHIMAGE_NAME = LaunchImage;
				GCC_PREFIX_HEADER = baiDeBuDeQiJie/PrefixHeader.pch;
				INFOPLIST_FILE = baiDeBuDeQiJie/Info.plist;
				IPHONEOS_DEPLOYMENT_TARGET = 9.0;
				LD_RUNPATH_SEARCH_PATHS = "$(inherited) @executable_path/Frameworks";
				PRODUCT_BUNDLE_IDENTIFIER = cn.aWangLong.ios.baiDeBuDeQiJie;
				PRODUCT_NAME = "$(TARGET_NAME)";
			};
			name = Release;
		};
/* End XCBuildConfiguration section */

/* Begin XCConfigurationList section */
		3529F12E1DD599CF002A0A5C /* Build configuration list for PBXProject "baiDeBuDeQiJie" */ = {
			isa = XCConfigurationList;
			buildConfigurations = (
				3529F1481DD599D1002A0A5C /* Debug */,
				3529F1491DD599D1002A0A5C /* Release */,
			);
			defaultConfigurationIsVisible = 0;
			defaultConfigurationName = Release;
		};
		3529F14A1DD599D1002A0A5C /* Build configuration list for PBXNativeTarget "baiDeBuDeQiJie" */ = {
			isa = XCConfigurationList;
			buildConfigurations = (
				3529F14B1DD599D1002A0A5C /* Debug */,
				3529F14C1DD599D1002A0A5C /* Release */,
			);
			defaultConfigurationIsVisible = 0;
			defaultConfigurationName = Release;
		};
/* End XCConfigurationList section */
	};
	rootObject = 3529F12B1DD599CF002A0A5C /* Project object */;
}
